// !$*UTF8*$!
{
	archiveVersion = 1;
	classes = {
	};
	objectVersion = 46;
	objects = {

/* Begin PBXBuildFile section */
		325B5E281B980F24008CCFC5 /* AppDelegate.swift in Sources */ = {isa = PBXBuildFile; fileRef = 325B5E271B980F24008CCFC5 /* AppDelegate.swift */; };
		325B5E2A1B980F24008CCFC5 /* ViewController.swift in Sources */ = {isa = PBXBuildFile; fileRef = 325B5E291B980F24008CCFC5 /* ViewController.swift */; };
		325B5E2D1B980F24008CCFC5 /* Main.storyboard in Resources */ = {isa = PBXBuildFile; fileRef = 325B5E2B1B980F24008CCFC5 /* Main.storyboard */; };
		325B5E2F1B980F24008CCFC5 /* Images.xcassets in Resources */ = {isa = PBXBuildFile; fileRef = 325B5E2E1B980F24008CCFC5 /* Images.xcassets */; };
		325B5E321B980F24008CCFC5 /* LaunchScreen.xib in Resources */ = {isa = PBXBuildFile; fileRef = 325B5E301B980F24008CCFC5 /* LaunchScreen.xib */; };
		325B5E3E1B980F24008CCFC5 /* practiceCoreMotionTests.swift in Sources */ = {isa = PBXBuildFile; fileRef = 325B5E3D1B980F24008CCFC5 /* practiceCoreMotionTests.swift */; };
/* End PBXBuildFile section */

/* Begin PBXContainerItemProxy section */
		325B5E381B980F24008CCFC5 /* PBXContainerItemProxy */ = {
			isa = PBXContainerItemProxy;
			containerPortal = 325B5E1A1B980F23008CCFC5 /* Project object */;
			proxyType = 1;
			remoteGlobalIDString = 325B5E211B980F23008CCFC5;
			remoteInfo = practiceCoreMotion;
		};
/* End PBXContainerItemProxy section */

/* Begin PBXFileReference section */
		325B5E221B980F24008CCFC5 /* practiceCoreMotion.app */ = {isa = PBXFileReference; explicitFileType = wrapper.application; includeInIndex = 0; path = practiceCoreMotion.app; sourceTree = BUILT_PRODUCTS_DIR; };
		325B5E261B980F24008CCFC5 /* Info.plist */ = {isa = PBXFileReference; lastKnownFileType = text.plist.xml; path = Info.plist; sourceTree = "<group>"; };
		325B5E271B980F24008CCFC5 /* AppDelegate.swift */ = {isa = PBXFileReference; lastKnownFileType = sourcecode.swift; path = AppDelegate.swift; sourceTree = "<group>"; };
		325B5E291B980F24008CCFC5 /* ViewController.swift */ = {isa = PBXFileReference; lastKnownFileType = sourcecode.swift; path = ViewController.swift; sourceTree = "<group>"; };
		325B5E2C1B980F24008CCFC5 /* Base */ = {isa = PBXFileReference; lastKnownFileType = file.storyboard; name = Base; path = Base.lproj/Main.storyboard; sourceTree = "<group>"; };
		325B5E2E1B980F24008CCFC5 /* Images.xcassets */ = {isa = PBXFileReference; lastKnownFileType = folder.assetcatalog; path = Images.xcassets; sourceTree = "<group>"; };
		325B5E311B980F24008CCFC5 /* Base */ = {isa = PBXFileReference; lastKnownFileType = file.xib; name = Base; path = Base.lproj/LaunchScreen.xib; sourceTree = "<group>"; };
		325B5E371B980F24008CCFC5 /* practiceCoreMotionTests.xctest */ = {isa = PBXFileReference; explicitFileType = wrapper.cfbundle; includeInIndex = 0; path = practiceCoreMotionTests.xctest; sourceTree = BUILT_PRODUCTS_DIR; };
		325B5E3C1B980F24008CCFC5 /* Info.plist */ = {isa = PBXFileReference; lastKnownFileType = text.plist.xml; path = Info.plist; sourceTree = "<group>"; };
		325B5E3D1B980F24008CCFC5 /* practiceCoreMotionTests.swift */ = {isa = PBXFileReference; lastKnownFileType = sourcecode.swift; path = practiceCoreMotionTests.swift; sourceTree = "<group>"; };
/* End PBXFileReference section */

/* Begin PBXFrameworksBuildPhase section */
		325B5E1F1B980F23008CCFC5 /* Frameworks */ = {
			isa = PBXFrameworksBuildPhase;
			buildActionMask = 2147483647;
			files = (
			);
			runOnlyForDeploymentPostprocessing = 0;
		};
		325B5E341B980F24008CCFC5 /* Frameworks */ = {
			isa = PBXFrameworksBuildPhase;
			buildActionMask = 2147483647;
			files = (
			);
			runOnlyForDeploymentPostprocessing = 0;
		};
/* End PBXFrameworksBuildPhase section */

/* Begin PBXGroup section */
		325B5E191B980F23008CCFC5 = {
			isa = PBXGroup;
			children = (
				325B5E241B980F24008CCFC5 /* practiceCoreMotion */,
				325B5E3A1B980F24008CCFC5 /* practiceCoreMotionTests */,
				325B5E231B980F24008CCFC5 /* Products */,
			);
			sourceTree = "<group>";
		};
		325B5E231B980F24008CCFC5 /* Products */ = {
			isa = PBXGroup;
			children = (
				325B5E221B980F24008CCFC5 /* practiceCoreMotion.app */,
				325B5E371B980F24008CCFC5 /* practiceCoreMotionTests.xctest */,
			);
			name = Products;
			sourceTree = "<group>";
		};
		325B5E241B980F24008CCFC5 /* practiceCoreMotion */ = {
			isa = PBXGroup;
			children = (
				325B5E271B980F24008CCFC5 /* AppDelegate.swift */,
				325B5E291B980F24008CCFC5 /* ViewController.swift */,
				325B5E2B1B980F24008CCFC5 /* Main.storyboard */,
				325B5E2E1B980F24008CCFC5 /* Images.xcassets */,
				325B5E301B980F24008CCFC5 /* LaunchScreen.xib */,
				325B5E251B980F24008CCFC5 /* Supporting Files */,
			);
			path = practiceCoreMotion;
			sourceTree = "<group>";
		};
		325B5E251B980F24008CCFC5 /* Supporting Files */ = {
			isa = PBXGroup;
			children = (
				325B5E261B980F24008CCFC5 /* Info.plist */,
			);
			name = "Supporting Files";
			sourceTree = "<group>";
		};
		325B5E3A1B980F24008CCFC5 /* practiceCoreMotionTests */ = {
			isa = PBXGroup;
			children = (
				325B5E3D1B980F24008CCFC5 /* practiceCoreMotionTests.swift */,
				325B5E3B1B980F24008CCFC5 /* Supporting Files */,
			);
			path = practiceCoreMotionTests;
			sourceTree = "<group>";
		};
		325B5E3B1B980F24008CCFC5 /* Supporting Files */ = {
			isa = PBXGroup;
			children = (
				325B5E3C1B980F24008CCFC5 /* Info.plist */,
			);
			name = "Supporting Files";
			sourceTree = "<group>";
		};
/* End PBXGroup section */

/* Begin PBXNativeTarget section */
		325B5E211B980F23008CCFC5 /* practiceCoreMotion */ = {
			isa = PBXNativeTarget;
			buildConfigurationList = 325B5E411B980F24008CCFC5 /* Build configuration list for PBXNativeTarget "practiceCoreMotion" */;
			buildPhases = (
				325B5E1E1B980F23008CCFC5 /* Sources */,
				325B5E1F1B980F23008CCFC5 /* Frameworks */,
				325B5E201B980F23008CCFC5 /* Resources */,
			);
			buildRules = (
			);
			dependencies = (
			);
			name = practiceCoreMotion;
			productName = practiceCoreMotion;
			productReference = 325B5E221B980F24008CCFC5 /* practiceCoreMotion.app */;
			productType = "com.apple.product-type.application";
		};
		325B5E361B980F24008CCFC5 /* practiceCoreMotionTests */ = {
			isa = PBXNativeTarget;
			buildConfigurationList = 325B5E441B980F24008CCFC5 /* Build configuration list for PBXNativeTarget "practiceCoreMotionTests" */;
			buildPhases = (
				325B5E331B980F24008CCFC5 /* Sources */,
				325B5E341B980F24008CCFC5 /* Frameworks */,
				325B5E351B980F24008CCFC5 /* Resources */,
			);
			buildRules = (
			);
			dependencies = (
				325B5E391B980F24008CCFC5 /* PBXTargetDependency */,
			);
			name = practiceCoreMotionTests;
			productName = practiceCoreMotionTests;
			productReference = 325B5E371B980F24008CCFC5 /* practiceCoreMotionTests.xctest */;
			productType = "com.apple.product-type.bundle.unit-test";
		};
/* End PBXNativeTarget section */

/* Begin PBXProject section */
		325B5E1A1B980F23008CCFC5 /* Project object */ = {
			isa = PBXProject;
			attributes = {
				LastUpgradeCheck = 0630;
				ORGANIZATIONNAME = "Fumiya Yamanaka";
				TargetAttributes = {
					325B5E211B980F23008CCFC5 = {
						CreatedOnToolsVersion = 6.3.2;
					};
					325B5E361B980F24008CCFC5 = {
						CreatedOnToolsVersion = 6.3.2;
						TestTargetID = 325B5E211B980F23008CCFC5;
					};
				};
			};
			buildConfigurationList = 325B5E1D1B980F23008CCFC5 /* Build configuration list for PBXProject "practiceCoreMotion" */;
			compatibilityVersion = "Xcode 3.2";
			developmentRegion = English;
			hasScannedForEncodings = 0;
			knownRegions = (
				en,
				Base,
			);
			mainGroup = 325B5E191B980F23008CCFC5;
			productRefGroup = 325B5E231B980F24008CCFC5 /* Products */;
			projectDirPath = "";
			projectRoot = "";
			targets = (
				325B5E211B980F23008CCFC5 /* practiceCoreMotion */,
				325B5E361B980F24008CCFC5 /* practiceCoreMotionTests */,
			);
		};
/* End PBXProject section */

/* Begin PBXResourcesBuildPhase section */
		325B5E201B980F23008CCFC5 /* Resources */ = {
			isa = PBXResourcesBuildPhase;
			buildActionMask = 2147483647;
			files = (
				325B5E2D1B980F24008CCFC5 /* Main.storyboard in Resources */,
				325B5E321B980F24008CCFC5 /* LaunchScreen.xib in Resources */,
				325B5E2F1B980F24008CCFC5 /* Images.xcassets in Resources */,
			);
			runOnlyForDeploymentPostprocessing = 0;
		};
		325B5E351B980F24008CCFC5 /* Resources */ = {
			isa = PBXResourcesBuildPhase;
			buildActionMask = 2147483647;
			files = (
			);
			runOnlyForDeploymentPostprocessing = 0;
		};
/* End PBXResourcesBuildPhase section */

/* Begin PBXSourcesBuildPhase section */
		325B5E1E1B980F23008CCFC5 /* Sources */ = {
			isa = PBXSourcesBuildPhase;
			buildActionMask = 2147483647;
			files = (
				325B5E2A1B980F24008CCFC5 /* ViewController.swift in Sources */,
				325B5E281B980F24008CCFC5 /* AppDelegate.swift in Sources */,
			);
			runOnlyForDeploymentPostprocessing = 0;
		};
		325B5E331B980F24008CCFC5 /* Sources */ = {
			isa = PBXSourcesBuildPhase;
			buildActionMask = 2147483647;
			files = (
				325B5E3E1B980F24008CCFC5 /* practiceCoreMotionTests.swift in Sources */,
			);
			runOnlyForDeploymentPostprocessing = 0;
		};
/* End PBXSourcesBuildPhase section */

/* Begin PBXTargetDependency section */
		325B5E391B980F24008CCFC5 /* PBXTargetDependency */ = {
			isa = PBXTargetDependency;
			target = 325B5E211B980F23008CCFC5 /* practiceCoreMotion */;
			targetProxy = 325B5E381B980F24008CCFC5 /* PBXContainerItemProxy */;
		};
/* End PBXTargetDependency section */

/* Begin PBXVariantGroup section */
		325B5E2B1B980F24008CCFC5 /* Main.storyboard */ = {
			isa = PBXVariantGroup;
			children = (
				325B5E2C1B980F24008CCFC5 /* Base */,
			);
			name = Main.storyboard;
			sourceTree = "<group>";
		};
		325B5E301B980F24008CCFC5 /* LaunchScreen.xib */ = {
			isa = PBXVariantGroup;
			children = (
				325B5E311B980F24008CCFC5 /* Base */,
			);
			name = LaunchScreen.xib;
			sourceTree = "<group>";
		};
/* End PBXVariantGroup section */

/* Begin XCBuildConfiguration section */
		325B5E3F1B980F24008CCFC5 /* Debug */ = {
			isa = XCBuildConfiguration;
			buildSettings = {
				ALWAYS_SEARCH_USER_PATHS = NO;
				CLANG_CXX_LANGUAGE_STANDARD = "gnu++0x";
				CLANG_CXX_LIBRARY = "libc++";
				CLANG_ENABLE_MODULES = YES;
				CLANG_ENABLE_OBJC_ARC = YES;
				CLANG_WARN_BOOL_CONVERSION = YES;
				CLANG_WARN_CONSTANT_CONVERSION = YES;
				CLANG_WARN_DIRECT_OBJC_ISA_USAGE = YES_ERROR;
				CLANG_WARN_EMPTY_BODY = YES;
				CLANG_WARN_ENUM_CONVERSION = YES;
				CLANG_WARN_INT_CONVERSION = YES;
				CLANG_WARN_OBJC_ROOT_CLASS = YES_ERROR;
				CLANG_WARN_UNREACHABLE_CODE = YES;
				CLANG_WARN__DUPLICATE_METHOD_MATCH = YES;
				"CODE_SIGN_IDENTITY[sdk=iphoneos*]" = "iPhone Developer";
				COPY_PHASE_STRIP = NO;
				DEBUG_INFORMATION_FORMAT = "dwarf-with-dsym";
				ENABLE_STRICT_OBJC_MSGSEND = YES;
				GCC_C_LANGUAGE_STANDARD = gnu99;
				GCC_DYNAMIC_NO_PIC = NO;
				GCC_NO_COMMON_BLOCKS = YES;
				GCC_OPTIMIZATION_LEVEL = 0;
				GCC_PREPROCESSOR_DEFINITIONS = (
					"DEBUG=1",
					"$(inherited)",
				);
				GCC_SYMBOLS_PRIVATE_EXTERN = NO;
				GCC_WARN_64_TO_32_BIT_CONVERSION = YES;
				GCC_WARN_ABOUT_RETURN_TYPE = YES_ERROR;
				GCC_WARN_UNDECLARED_SELECTOR = YES;
				GCC_WARN_UNINITIALIZED_AUTOS = YES_AGGRESSIVE;
				GCC_WARN_UNUSED_FUNCTION = YES;
				GCC_WARN_UNUSED_VARIABLE = YES;
				IPHONEOS_DEPLOYMENT_TARGET = 8.3;
				MTL_ENABLE_DEBUG_INFO = YES;
				ONLY_ACTIVE_ARCH = YES;
				SDKROOT = iphoneos;
				SWIFT_OPTIMIZATION_LEVEL = "-Onone";
			};
			name = Debug;
		};
		325B5E401B980F24008CCFC5 /* Release */ = {
			isa = XCBuildConfiguration;
			buildSettings = {
				ALWAYS_SEARCH_USER_PATHS = NO;
				CLANG_CXX_LANGUAGE_STANDARD = "gnu++0x";
				CLANG_CXX_LIBRARY = "libc++";
				CLANG_ENABLE_MODULES = YES;
				CLANG_ENABLE_OBJC_ARC = YES;
				CLANG_WARN_BOOL_CONVERSION = YES;
				CLANG_WARN_CONSTANT_CONVERSION = YES;
				CLANG_WARN_DIRECT_OBJC_ISA_USAGE = YES_ERROR;
				CLANG_WARN_EMPTY_BODY = YES;
				CLANG_WARN_ENUM_CONVERSION = YES;
				CLANG_WARN_INT_CONVERSION = YES;
				CLANG_WARN_OBJC_ROOT_CLASS = YES_ERROR;
				CLANG_WARN_UNREACHABLE_CODE = YES;
				CLANG_WARN__DUPLICATE_METHOD_MATCH = YES;
				"CODE_SIGN_IDENTITY[sdk=iphoneos*]" = "iPhone Developer";
				COPY_PHASE_STRIP = NO;
				DEBUG_INFORMATION_FORMAT = "dwarf-with-dsym";
				ENABLE_NS_ASSERTIONS = NO;
				ENABLE_STRICT_OBJC_MSGSEND = YES;
				GCC_C_LANGUAGE_STANDARD = gnu99;
				GCC_NO_COMMON_BLOCKS = YES;
				GCC_WARN_64_TO_32_BIT_CONVERSION = YES;
				GCC_WARN_ABOUT_RETURN_TYPE = YES_ERROR;
				GCC_WARN_UNDECLARED_SELECTOR = YES;
				GCC_WARN_UNINITIALIZED_AUTOS = YES_AGGRESSIVE;
				GCC_WARN_UNUSED_FUNCTION = YES;
				GCC_WARN_UNUSED_VARIABLE = YES;
				IPHONEOS_DEPLOYMENT_TARGET = 8.3;
				MTL_ENABLE_DEBUG_INFO = NO;
				SDKROOT = iphoneos;
				VALIDATE_PRODUCT = YES;
			};
			name = Release;
		};
		325B5E421B980F24008CCFC5 /* Debug */ = {
			isa = XCBuildConfiguration;
			buildSettings = {
				ASSETCATALOG_COMPILER_APPICON_NAME = AppIcon;
				INFOPLIST_FILE = practiceCoreMotion/Info.plist;
				LD_RUNPATH_SEARCH_PATHS = "$(inherited) @executable_path/Frameworks";
				PRODUCT_NAME = "$(TARGET_NAME)";
			};
			name = Debug;
		};
		325B5E431B980F24008CCFC5 /* Release */ = {
			isa = XCBuildConfiguration;
			buildSettings = {
				ASSETCATALOG_COMPILER_APPICON_NAME = AppIcon;
				INFOPLIST_FILE = practiceCoreMotion/Info.plist;
				LD_RUNPATH_SEARCH_PATHS = "$(inherited) @executable_path/Frameworks";
				PRODUCT_NAME = "$(TARGET_NAME)";
			};
			name = Release;
		};
		325B5E451B980F24008CCFC5 /* Debug */ = {
			isa = XCBuildConfiguration;
			buildSettings = {
				BUNDLE_LOADER = "$(TEST_HOST)";
				FRAMEWORK_SEARCH_PATHS = (
					"$(SDKROOT)/Developer/Library/Frameworks",
					"$(inherited)",
				);
				GCC_PREPROCESSOR_DEFINITIONS = (
					"DEBUG=1",
					"$(inherited)",
				);
				INFOPLIST_FILE = practiceCoreMotionTests/Info.plist;
				LD_RUNPATH_SEARCH_PATHS = "$(inherited) @executable_path/Frameworks @loader_path/Frameworks";
				PRODUCT_NAME = "$(TARGET_NAME)";
				TEST_HOST = "$(BUILT_PRODUCTS_DIR)/practiceCoreMotion.app/practiceCoreMotion";
			};
			name = Debug;
		};
		325B5E461B980F24008CCFC5 /* Release */ = {
			isa = XCBuildConfiguration;
			buildSettings = {
				BUNDLE_LOADER = "$(TEST_HOST)";
				FRAMEWORK_SEARCH_PATHS = (
					"$(SDKROOT)/Developer/Library/Frameworks",
					"$(inherited)",
				);
				INFOPLIST_FILE = practiceCoreMotionTests/Info.plist;
				LD_RUNPATH_SEARCH_PATHS = "$(inherited) @executable_path/Frameworks @loader_path/Frameworks";
				PRODUCT_NAME = "$(TARGET_NAME)";
				TEST_HOST = "$(BUILT_PRODUCTS_DIR)/practiceCoreMotion.app/practiceCoreMotion";
			};
			name = Release;
		};
/* End XCBuildConfiguration section */

/* Begin XCConfigurationList section */
		325B5E1D1B980F23008CCFC5 /* Build configuration list for PBXProject "practiceCoreMotion" */ = {
			isa = XCConfigurationList;
			buildConfigurations = (
				325B5E3F1B980F24008CCFC5 /* Debug */,
				325B5E401B980F24008CCFC5 /* Release */,
			);
			defaultConfigurationIsVisible = 0;
			defaultConfigurationName = Release;
		};
		325B5E411B980F24008CCFC5 /* Build configuration list for PBXNativeTarget "practiceCoreMotion" */ = {
			isa = XCConfigurationList;
			buildConfigurations = (
				325B5E421B980F24008CCFC5 /* Debug */,
				325B5E431B980F24008CCFC5 /* Release */,
			);
			defaultConfigurationIsVisible = 0;
		};
		325B5E441B980F24008CCFC5 /* Build configuration list for PBXNativeTarget "practiceCoreMotionTests" */ = {
			isa = XCConfigurationList;
			buildConfigurations = (
				325B5E451B980F24008CCFC5 /* Debug */,
				325B5E461B980F24008CCFC5 /* Release */,
			);
			defaultConfigurationIsVisible = 0;
		};
/* End XCConfigurationList section */
	};
	rootObject = 325B5E1A1B980F23008CCFC5 /* Project object */;
}
